
Microsoft Visual Studio Solution File, Format Version 12.00
# Visual Studio 15
VisualStudioVersion = 15.0.26430.16
MinimumVisualStudioVersion = 10.0.40219.1
Project("{FAE04EC0-301F-11D3-BF4B-00C04F79EFBC}") = "CSSPDoc", "CSSPDoc\CSSPDoc.csproj", "{A57544FB-DD8D-4D1A-9071-54DB7D76FE3A}"
EndProject
Global
	GlobalSection(SolutionConfigurationPlatforms) = preSolution
		Debug|Any CPU = Debug|Any CPU
		Release|Any CPU = Release|Any CPU
	EndGlobalSection
	GlobalSection(ProjectConfigurationPlatforms) = postSolution
		{A57544FB-DD8D-4D1A-9071-54DB7D76FE3A}.Debug|Any CPU.ActiveCfg = Debug|Any CPU
		{A57544FB-DD8D-4D1A-9071-54DB7D76FE3A}.Debug|Any CPU.Build.0 = Debug|Any CPU
		{A57544FB-DD8D-4D1A-9071-54DB7D76FE3A}.Release|Any CPU.ActiveCfg = Release|Any CPU
		{A57544FB-DD8D-4D1A-9071-54DB7D76FE3A}.Release|Any CPU.Build.0 = Release|Any CPU
	EndGlobalSection
	GlobalSection(SolutionProperties) = preSolution
		HideSolutionNode = FALSE
	EndGlobalSection
EndGlobal
